// !$*UTF8*$!
{
	archiveVersion = 1;
	classes = {
	};
	objectVersion = 56;
	objects = {

/* Begin PBXBuildFile section */
		45E00E072A0014DA00FD169E /* AfricaApp.swift in Sources */ = {isa = PBXBuildFile; fileRef = 45E00E062A0014DA00FD169E /* AfricaApp.swift */; };
		45E00E092A0014DA00FD169E /* ContentView.swift in Sources */ = {isa = PBXBuildFile; fileRef = 45E00E082A0014DA00FD169E /* ContentView.swift */; };
		45E00E0B2A0014DC00FD169E /* Assets.xcassets in Resources */ = {isa = PBXBuildFile; fileRef = 45E00E0A2A0014DC00FD169E /* Assets.xcassets */; };
		45E00E0E2A0014DC00FD169E /* Preview Assets.xcassets in Resources */ = {isa = PBXBuildFile; fileRef = 45E00E0D2A0014DC00FD169E /* Preview Assets.xcassets */; };
		45E00E1C2A001E1D00FD169E /* animals.json in Resources */ = {isa = PBXBuildFile; fileRef = 45E00E182A001E1D00FD169E /* animals.json */; };
		45E00E1D2A001E1D00FD169E /* videos.json in Resources */ = {isa = PBXBuildFile; fileRef = 45E00E192A001E1D00FD169E /* videos.json */; };
		45E00E1E2A001E1D00FD169E /* covers.json in Resources */ = {isa = PBXBuildFile; fileRef = 45E00E1A2A001E1D00FD169E /* covers.json */; };
		45E00E1F2A001E1D00FD169E /* locations.json in Resources */ = {isa = PBXBuildFile; fileRef = 45E00E1B2A001E1D00FD169E /* locations.json */; };
		45E00E292A001E3100FD169E /* lioness.mp4 in Resources */ = {isa = PBXBuildFile; fileRef = 45E00E202A001E2F00FD169E /* lioness.mp4 */; };
		45E00E2A2A001E3100FD169E /* gorilla.mp4 in Resources */ = {isa = PBXBuildFile; fileRef = 45E00E212A001E2F00FD169E /* gorilla.mp4 */; };
		45E00E2B2A001E3100FD169E /* rhino.mp4 in Resources */ = {isa = PBXBuildFile; fileRef = 45E00E222A001E2F00FD169E /* rhino.mp4 */; };
		45E00E2C2A001E3100FD169E /* giraffe.mp4 in Resources */ = {isa = PBXBuildFile; fileRef = 45E00E232A001E3000FD169E /* giraffe.mp4 */; };
		45E00E2D2A001E3100FD169E /* hippo.mp4 in Resources */ = {isa = PBXBuildFile; fileRef = 45E00E242A001E3000FD169E /* hippo.mp4 */; };
		45E00E2E2A001E3100FD169E /* zebra.mp4 in Resources */ = {isa = PBXBuildFile; fileRef = 45E00E252A001E3000FD169E /* zebra.mp4 */; };
		45E00E2F2A001E3100FD169E /* cheetah.mp4 in Resources */ = {isa = PBXBuildFile; fileRef = 45E00E262A001E3000FD169E /* cheetah.mp4 */; };
		45E00E302A001E3100FD169E /* elephant.mp4 in Resources */ = {isa = PBXBuildFile; fileRef = 45E00E272A001E3000FD169E /* elephant.mp4 */; };
		45E00E312A001E3100FD169E /* ostrich.mp4 in Resources */ = {isa = PBXBuildFile; fileRef = 45E00E282A001E3100FD169E /* ostrich.mp4 */; };
		45E00E352A00218C00FD169E /* MainView.swift in Sources */ = {isa = PBXBuildFile; fileRef = 45E00E342A00218C00FD169E /* MainView.swift */; };
		45E00E372A0021FA00FD169E /* VideoListView.swift in Sources */ = {isa = PBXBuildFile; fileRef = 45E00E362A0021FA00FD169E /* VideoListView.swift */; };
		45E00E392A00221A00FD169E /* MapView.swift in Sources */ = {isa = PBXBuildFile; fileRef = 45E00E382A00221A00FD169E /* MapView.swift */; };
		45E00E3B2A00222D00FD169E /* GalleryView.swift in Sources */ = {isa = PBXBuildFile; fileRef = 45E00E3A2A00222D00FD169E /* GalleryView.swift */; };
		45E00E3E2A00247300FD169E /* CoverImageView.swift in Sources */ = {isa = PBXBuildFile; fileRef = 45E00E3D2A00247300FD169E /* CoverImageView.swift */; };
		45E00E412A0026B200FD169E /* CoverImageModel.swift in Sources */ = {isa = PBXBuildFile; fileRef = 45E00E402A0026B200FD169E /* CoverImageModel.swift */; };
		45E00E442A00281100FD169E /* CodableBundleExtension.swift in Sources */ = {isa = PBXBuildFile; fileRef = 45E00E432A00281100FD169E /* CodableBundleExtension.swift */; };
/* End PBXBuildFile section */

/* Begin PBXFileReference section */
		45E00E032A0014DA00FD169E /* Africa.app */ = {isa = PBXFileReference; explicitFileType = wrapper.application; includeInIndex = 0; path = Africa.app; sourceTree = BUILT_PRODUCTS_DIR; };
		45E00E062A0014DA00FD169E /* AfricaApp.swift */ = {isa = PBXFileReference; lastKnownFileType = sourcecode.swift; path = AfricaApp.swift; sourceTree = "<group>"; };
		45E00E082A0014DA00FD169E /* ContentView.swift */ = {isa = PBXFileReference; lastKnownFileType = sourcecode.swift; path = ContentView.swift; sourceTree = "<group>"; };
		45E00E0A2A0014DC00FD169E /* Assets.xcassets */ = {isa = PBXFileReference; lastKnownFileType = folder.assetcatalog; path = Assets.xcassets; sourceTree = "<group>"; };
		45E00E0D2A0014DC00FD169E /* Preview Assets.xcassets */ = {isa = PBXFileReference; lastKnownFileType = folder.assetcatalog; path = "Preview Assets.xcassets"; sourceTree = "<group>"; };
		45E00E182A001E1D00FD169E /* animals.json */ = {isa = PBXFileReference; fileEncoding = 4; lastKnownFileType = text.json; path = animals.json; sourceTree = "<group>"; };
		45E00E192A001E1D00FD169E /* videos.json */ = {isa = PBXFileReference; fileEncoding = 4; lastKnownFileType = text.json; path = videos.json; sourceTree = "<group>"; };
		45E00E1A2A001E1D00FD169E /* covers.json */ = {isa = PBXFileReference; fileEncoding = 4; lastKnownFileType = text.json; path = covers.json; sourceTree = "<group>"; };
		45E00E1B2A001E1D00FD169E /* locations.json */ = {isa = PBXFileReference; fileEncoding = 4; lastKnownFileType = text.json; path = locations.json; sourceTree = "<group>"; };
		45E00E202A001E2F00FD169E /* lioness.mp4 */ = {isa = PBXFileReference; lastKnownFileType = file; path = lioness.mp4; sourceTree = "<group>"; };
		45E00E212A001E2F00FD169E /* gorilla.mp4 */ = {isa = PBXFileReference; lastKnownFileType = file; path = gorilla.mp4; sourceTree = "<group>"; };
		45E00E222A001E2F00FD169E /* rhino.mp4 */ = {isa = PBXFileReference; lastKnownFileType = file; path = rhino.mp4; sourceTree = "<group>"; };
		45E00E232A001E3000FD169E /* giraffe.mp4 */ = {isa = PBXFileReference; lastKnownFileType = file; path = giraffe.mp4; sourceTree = "<group>"; };
		45E00E242A001E3000FD169E /* hippo.mp4 */ = {isa = PBXFileReference; lastKnownFileType = file; path = hippo.mp4; sourceTree = "<group>"; };
		45E00E252A001E3000FD169E /* zebra.mp4 */ = {isa = PBXFileReference; lastKnownFileType = file; path = zebra.mp4; sourceTree = "<group>"; };
		45E00E262A001E3000FD169E /* cheetah.mp4 */ = {isa = PBXFileReference; lastKnownFileType = file; path = cheetah.mp4; sourceTree = "<group>"; };
		45E00E272A001E3000FD169E /* elephant.mp4 */ = {isa = PBXFileReference; lastKnownFileType = file; path = elephant.mp4; sourceTree = "<group>"; };
		45E00E282A001E3100FD169E /* ostrich.mp4 */ = {isa = PBXFileReference; lastKnownFileType = file; path = ostrich.mp4; sourceTree = "<group>"; };
		45E00E332A001FA800FD169E /* Info.plist */ = {isa = PBXFileReference; lastKnownFileType = text.plist; path = Info.plist; sourceTree = "<group>"; };
		45E00E342A00218C00FD169E /* MainView.swift */ = {isa = PBXFileReference; lastKnownFileType = sourcecode.swift; path = MainView.swift; sourceTree = "<group>"; };
		45E00E362A0021FA00FD169E /* VideoListView.swift */ = {isa = PBXFileReference; lastKnownFileType = sourcecode.swift; path = VideoListView.swift; sourceTree = "<group>"; };
		45E00E382A00221A00FD169E /* MapView.swift */ = {isa = PBXFileReference; lastKnownFileType = sourcecode.swift; path = MapView.swift; sourceTree = "<group>"; };
		45E00E3A2A00222D00FD169E /* GalleryView.swift */ = {isa = PBXFileReference; lastKnownFileType = sourcecode.swift; path = GalleryView.swift; sourceTree = "<group>"; };
		45E00E3D2A00247300FD169E /* CoverImageView.swift */ = {isa = PBXFileReference; lastKnownFileType = sourcecode.swift; path = CoverImageView.swift; sourceTree = "<group>"; };
		45E00E402A0026B200FD169E /* CoverImageModel.swift */ = {isa = PBXFileReference; lastKnownFileType = sourcecode.swift; path = CoverImageModel.swift; sourceTree = "<group>"; };
		45E00E432A00281100FD169E /* CodableBundleExtension.swift */ = {isa = PBXFileReference; lastKnownFileType = sourcecode.swift; path = CodableBundleExtension.swift; sourceTree = "<group>"; };
/* End PBXFileReference section */

/* Begin PBXFrameworksBuildPhase section */
		45E00E002A0014DA00FD169E /* Frameworks */ = {
			isa = PBXFrameworksBuildPhase;
			buildActionMask = 2147483647;
			files = (
			);
			runOnlyForDeploymentPostprocessing = 0;
		};
/* End PBXFrameworksBuildPhase section */

/* Begin PBXGroup section */
		45E00DFA2A0014DA00FD169E = {
			isa = PBXGroup;
			children = (
				45E00E052A0014DA00FD169E /* Africa */,
				45E00E042A0014DA00FD169E /* Products */,
			);
			sourceTree = "<group>";
		};
		45E00E042A0014DA00FD169E /* Products */ = {
			isa = PBXGroup;
			children = (
				45E00E032A0014DA00FD169E /* Africa.app */,
			);
			name = Products;
			sourceTree = "<group>";
		};
		45E00E052A0014DA00FD169E /* Africa */ = {
			isa = PBXGroup;
			children = (
				45E00E332A001FA800FD169E /* Info.plist */,
				45E00E422A0027ED00FD169E /* Extension */,
				45E00E3F2A00268C00FD169E /* Model */,
				45E00E3C2A00245100FD169E /* View */,
				45E00E322A001E4100FD169E /* App */,
				45E00E152A001DB200FD169E /* Video */,
				45E00E142A001DA100FD169E /* Data */,
				45E00E0A2A0014DC00FD169E /* Assets.xcassets */,
				45E00E0C2A0014DC00FD169E /* Preview Content */,
			);
			path = Africa;
			sourceTree = "<group>";
		};
		45E00E0C2A0014DC00FD169E /* Preview Content */ = {
			isa = PBXGroup;
			children = (
				45E00E0D2A0014DC00FD169E /* Preview Assets.xcassets */,
			);
			path = "Preview Content";
			sourceTree = "<group>";
		};
		45E00E142A001DA100FD169E /* Data */ = {
			isa = PBXGroup;
			children = (
				45E00E182A001E1D00FD169E /* animals.json */,
				45E00E1A2A001E1D00FD169E /* covers.json */,
				45E00E1B2A001E1D00FD169E /* locations.json */,
				45E00E192A001E1D00FD169E /* videos.json */,
			);
			path = Data;
			sourceTree = "<group>";
		};
		45E00E152A001DB200FD169E /* Video */ = {
			isa = PBXGroup;
			children = (
				45E00E262A001E3000FD169E /* cheetah.mp4 */,
				45E00E272A001E3000FD169E /* elephant.mp4 */,
				45E00E232A001E3000FD169E /* giraffe.mp4 */,
				45E00E212A001E2F00FD169E /* gorilla.mp4 */,
				45E00E242A001E3000FD169E /* hippo.mp4 */,
				45E00E202A001E2F00FD169E /* lioness.mp4 */,
				45E00E282A001E3100FD169E /* ostrich.mp4 */,
				45E00E222A001E2F00FD169E /* rhino.mp4 */,
				45E00E252A001E3000FD169E /* zebra.mp4 */,
			);
			path = Video;
			sourceTree = "<group>";
		};
		45E00E322A001E4100FD169E /* App */ = {
			isa = PBXGroup;
			children = (
				45E00E062A0014DA00FD169E /* AfricaApp.swift */,
				45E00E082A0014DA00FD169E /* ContentView.swift */,
				45E00E342A00218C00FD169E /* MainView.swift */,
				45E00E362A0021FA00FD169E /* VideoListView.swift */,
				45E00E382A00221A00FD169E /* MapView.swift */,
				45E00E3A2A00222D00FD169E /* GalleryView.swift */,
			);
			path = App;
			sourceTree = "<group>";
		};
		45E00E3C2A00245100FD169E /* View */ = {
			isa = PBXGroup;
			children = (
				45E00E3D2A00247300FD169E /* CoverImageView.swift */,
			);
			path = View;
			sourceTree = "<group>";
		};
		45E00E3F2A00268C00FD169E /* Model */ = {
			isa = PBXGroup;
			children = (
				45E00E402A0026B200FD169E /* CoverImageModel.swift */,
			);
			path = Model;
			sourceTree = "<group>";
		};
		45E00E422A0027ED00FD169E /* Extension */ = {
			isa = PBXGroup;
			children = (
				45E00E432A00281100FD169E /* CodableBundleExtension.swift */,
			);
			path = Extension;
			sourceTree = "<group>";
		};
/* End PBXGroup section */

/* Begin PBXNativeTarget section */
		45E00E022A0014DA00FD169E /* Africa */ = {
			isa = PBXNativeTarget;
			buildConfigurationList = 45E00E112A0014DC00FD169E /* Build configuration list for PBXNativeTarget "Africa" */;
			buildPhases = (
				45E00DFF2A0014DA00FD169E /* Sources */,
				45E00E002A0014DA00FD169E /* Frameworks */,
				45E00E012A0014DA00FD169E /* Resources */,
			);
			buildRules = (
			);
			dependencies = (
			);
			name = Africa;
			productName = Africa;
			productReference = 45E00E032A0014DA00FD169E /* Africa.app */;
			productType = "com.apple.product-type.application";
		};
/* End PBXNativeTarget section */

/* Begin PBXProject section */
		45E00DFB2A0014DA00FD169E /* Project object */ = {
			isa = PBXProject;
			attributes = {
				BuildIndependentTargetsInParallel = 1;
				LastSwiftUpdateCheck = 1430;
				LastUpgradeCheck = 1430;
				TargetAttributes = {
					45E00E022A0014DA00FD169E = {
						CreatedOnToolsVersion = 14.3;
					};
				};
			};
			buildConfigurationList = 45E00DFE2A0014DA00FD169E /* Build configuration list for PBXProject "Africa" */;
			compatibilityVersion = "Xcode 14.0";
			developmentRegion = en;
			hasScannedForEncodings = 0;
			knownRegions = (
				en,
				Base,
			);
			mainGroup = 45E00DFA2A0014DA00FD169E;
			productRefGroup = 45E00E042A0014DA00FD169E /* Products */;
			projectDirPath = "";
			projectRoot = "";
			targets = (
				45E00E022A0014DA00FD169E /* Africa */,
			);
		};
/* End PBXProject section */

/* Begin PBXResourcesBuildPhase section */
		45E00E012A0014DA00FD169E /* Resources */ = {
			isa = PBXResourcesBuildPhase;
			buildActionMask = 2147483647;
			files = (
				45E00E1E2A001E1D00FD169E /* covers.json in Resources */,
				45E00E2D2A001E3100FD169E /* hippo.mp4 in Resources */,
				45E00E1C2A001E1D00FD169E /* animals.json in Resources */,
				45E00E312A001E3100FD169E /* ostrich.mp4 in Resources */,
				45E00E1D2A001E1D00FD169E /* videos.json in Resources */,
				45E00E302A001E3100FD169E /* elephant.mp4 in Resources */,
				45E00E2E2A001E3100FD169E /* zebra.mp4 in Resources */,
				45E00E2B2A001E3100FD169E /* rhino.mp4 in Resources */,
				45E00E2C2A001E3100FD169E /* giraffe.mp4 in Resources */,
				45E00E0E2A0014DC00FD169E /* Preview Assets.xcassets in Resources */,
				45E00E2A2A001E3100FD169E /* gorilla.mp4 in Resources */,
				45E00E1F2A001E1D00FD169E /* locations.json in Resources */,
				45E00E2F2A001E3100FD169E /* cheetah.mp4 in Resources */,
				45E00E292A001E3100FD169E /* lioness.mp4 in Resources */,
				45E00E0B2A0014DC00FD169E /* Assets.xcassets in Resources */,
			);
			runOnlyForDeploymentPostprocessing = 0;
		};
/* End PBXResourcesBuildPhase section */

/* Begin PBXSourcesBuildPhase section */
		45E00DFF2A0014DA00FD169E /* Sources */ = {
			isa = PBXSourcesBuildPhase;
			buildActionMask = 2147483647;
			files = (
				45E00E372A0021FA00FD169E /* VideoListView.swift in Sources */,
				45E00E3B2A00222D00FD169E /* GalleryView.swift in Sources */,
				45E00E3E2A00247300FD169E /* CoverImageView.swift in Sources */,
				45E00E412A0026B200FD169E /* CoverImageModel.swift in Sources */,
				45E00E092A0014DA00FD169E /* ContentView.swift in Sources */,
				45E00E392A00221A00FD169E /* MapView.swift in Sources */,
				45E00E352A00218C00FD169E /* MainView.swift in Sources */,
				45E00E072A0014DA00FD169E /* AfricaApp.swift in Sources */,
				45E00E442A00281100FD169E /* CodableBundleExtension.swift in Sources */,
			);
			runOnlyForDeploymentPostprocessing = 0;
		};
/* End PBXSourcesBuildPhase section */

/* Begin XCBuildConfiguration section */
		45E00E0F2A0014DC00FD169E /* Debug */ = {
			isa = XCBuildConfiguration;
			buildSettings = {
				ALWAYS_SEARCH_USER_PATHS = NO;
				CLANG_ANALYZER_NONNULL = YES;
				CLANG_ANALYZER_NUMBER_OBJECT_CONVERSION = YES_AGGRESSIVE;
				CLANG_CXX_LANGUAGE_STANDARD = "gnu++20";
				CLANG_ENABLE_MODULES = YES;
				CLANG_ENABLE_OBJC_ARC = YES;
				CLANG_ENABLE_OBJC_WEAK = YES;
				CLANG_WARN_BLOCK_CAPTURE_AUTORELEASING = YES;
				CLANG_WARN_BOOL_CONVERSION = YES;
				CLANG_WARN_COMMA = YES;
				CLANG_WARN_CONSTANT_CONVERSION = YES;
				CLANG_WARN_DEPRECATED_OBJC_IMPLEMENTATIONS = YES;
				CLANG_WARN_DIRECT_OBJC_ISA_USAGE = YES_ERROR;
				CLANG_WARN_DOCUMENTATION_COMMENTS = YES;
				CLANG_WARN_EMPTY_BODY = YES;
				CLANG_WARN_ENUM_CONVERSION = YES;
				CLANG_WARN_INFINITE_RECURSION = YES;
				CLANG_WARN_INT_CONVERSION = YES;
				CLANG_WARN_NON_LITERAL_NULL_CONVERSION = YES;
				CLANG_WARN_OBJC_IMPLICIT_RETAIN_SELF = YES;
				CLANG_WARN_OBJC_LITERAL_CONVERSION = YES;
				CLANG_WARN_OBJC_ROOT_CLASS = YES_ERROR;
				CLANG_WARN_QUOTED_INCLUDE_IN_FRAMEWORK_HEADER = YES;
				CLANG_WARN_RANGE_LOOP_ANALYSIS = YES;
				CLANG_WARN_STRICT_PROTOTYPES = YES;
				CLANG_WARN_SUSPICIOUS_MOVE = YES;
				CLANG_WARN_UNGUARDED_AVAILABILITY = YES_AGGRESSIVE;
				CLANG_WARN_UNREACHABLE_CODE = YES;
				CLANG_WARN__DUPLICATE_METHOD_MATCH = YES;
				COPY_PHASE_STRIP = NO;
				DEBUG_INFORMATION_FORMAT = dwarf;
				ENABLE_STRICT_OBJC_MSGSEND = YES;
				ENABLE_TESTABILITY = YES;
				GCC_C_LANGUAGE_STANDARD = gnu11;
				GCC_DYNAMIC_NO_PIC = NO;
				GCC_NO_COMMON_BLOCKS = YES;
				GCC_OPTIMIZATION_LEVEL = 0;
				GCC_PREPROCESSOR_DEFINITIONS = (
					"DEBUG=1",
					"$(inherited)",
				);
				GCC_WARN_64_TO_32_BIT_CONVERSION = YES;
				GCC_WARN_ABOUT_RETURN_TYPE = YES_ERROR;
				GCC_WARN_UNDECLARED_SELECTOR = YES;
				GCC_WARN_UNINITIALIZED_AUTOS = YES_AGGRESSIVE;
				GCC_WARN_UNUSED_FUNCTION = YES;
				GCC_WARN_UNUSED_VARIABLE = YES;
				IPHONEOS_DEPLOYMENT_TARGET = 16.4;
				MTL_ENABLE_DEBUG_INFO = INCLUDE_SOURCE;
				MTL_FAST_MATH = YES;
				ONLY_ACTIVE_ARCH = YES;
				SDKROOT = iphoneos;
				SWIFT_ACTIVE_COMPILATION_CONDITIONS = DEBUG;
				SWIFT_OPTIMIZATION_LEVEL = "-Onone";
			};
			name = Debug;
		};
		45E00E102A0014DC00FD169E /* Release */ = {
			isa = XCBuildConfiguration;
			buildSettings = {
				ALWAYS_SEARCH_USER_PATHS = NO;
				CLANG_ANALYZER_NONNULL = YES;
				CLANG_ANALYZER_NUMBER_OBJECT_CONVERSION = YES_AGGRESSIVE;
				CLANG_CXX_LANGUAGE_STANDARD = "gnu++20";
				CLANG_ENABLE_MODULES = YES;
				CLANG_ENABLE_OBJC_ARC = YES;
				CLANG_ENABLE_OBJC_WEAK = YES;
				CLANG_WARN_BLOCK_CAPTURE_AUTORELEASING = YES;
				CLANG_WARN_BOOL_CONVERSION = YES;
				CLANG_WARN_COMMA = YES;
				CLANG_WARN_CONSTANT_CONVERSION = YES;
				CLANG_WARN_DEPRECATED_OBJC_IMPLEMENTATIONS = YES;
				CLANG_WARN_DIRECT_OBJC_ISA_USAGE = YES_ERROR;
				CLANG_WARN_DOCUMENTATION_COMMENTS = YES;
				CLANG_WARN_EMPTY_BODY = YES;
				CLANG_WARN_ENUM_CONVERSION = YES;
				CLANG_WARN_INFINITE_RECURSION = YES;
				CLANG_WARN_INT_CONVERSION = YES;
				CLANG_WARN_NON_LITERAL_NULL_CONVERSION = YES;
				CLANG_WARN_OBJC_IMPLICIT_RETAIN_SELF = YES;
				CLANG_WARN_OBJC_LITERAL_CONVERSION = YES;
				CLANG_WARN_OBJC_ROOT_CLASS = YES_ERROR;
				CLANG_WARN_QUOTED_INCLUDE_IN_FRAMEWORK_HEADER = YES;
				CLANG_WARN_RANGE_LOOP_ANALYSIS = YES;
				CLANG_WARN_STRICT_PROTOTYPES = YES;
				CLANG_WARN_SUSPICIOUS_MOVE = YES;
				CLANG_WARN_UNGUARDED_AVAILABILITY = YES_AGGRESSIVE;
				CLANG_WARN_UNREACHABLE_CODE = YES;
				CLANG_WARN__DUPLICATE_METHOD_MATCH = YES;
				COPY_PHASE_STRIP = NO;
				DEBUG_INFORMATION_FORMAT = "dwarf-with-dsym";
				ENABLE_NS_ASSERTIONS = NO;
				ENABLE_STRICT_OBJC_MSGSEND = YES;
				GCC_C_LANGUAGE_STANDARD = gnu11;
				GCC_NO_COMMON_BLOCKS = YES;
				GCC_WARN_64_TO_32_BIT_CONVERSION = YES;
				GCC_WARN_ABOUT_RETURN_TYPE = YES_ERROR;
				GCC_WARN_UNDECLARED_SELECTOR = YES;
				GCC_WARN_UNINITIALIZED_AUTOS = YES_AGGRESSIVE;
				GCC_WARN_UNUSED_FUNCTION = YES;
				GCC_WARN_UNUSED_VARIABLE = YES;
				IPHONEOS_DEPLOYMENT_TARGET = 16.4;
				MTL_ENABLE_DEBUG_INFO = NO;
				MTL_FAST_MATH = YES;
				SDKROOT = iphoneos;
				SWIFT_COMPILATION_MODE = wholemodule;
				SWIFT_OPTIMIZATION_LEVEL = "-O";
				VALIDATE_PRODUCT = YES;
			};
			name = Release;
		};
		45E00E122A0014DC00FD169E /* Debug */ = {
			isa = XCBuildConfiguration;
			buildSettings = {
				ASSETCATALOG_COMPILER_APPICON_NAME = AppIcon;
				ASSETCATALOG_COMPILER_GLOBAL_ACCENT_COLOR_NAME = AccentColor;
				CODE_SIGN_STYLE = Automatic;
				CURRENT_PROJECT_VERSION = 1;
				DEVELOPMENT_ASSET_PATHS = "\"Africa/Preview Content\"";
				DEVELOPMENT_TEAM = 3UG676J384;
				ENABLE_PREVIEWS = YES;
				GENERATE_INFOPLIST_FILE = YES;
				INFOPLIST_FILE = Africa/Info.plist;
				INFOPLIST_KEY_UIApplicationSceneManifest_Generation = YES;
				INFOPLIST_KEY_UIApplicationSupportsIndirectInputEvents = YES;
				INFOPLIST_KEY_UISupportedInterfaceOrientations_iPad = "UIInterfaceOrientationPortrait UIInterfaceOrientationPortraitUpsideDown UIInterfaceOrientationLandscapeLeft UIInterfaceOrientationLandscapeRight";
				INFOPLIST_KEY_UISupportedInterfaceOrientations_iPhone = "UIInterfaceOrientationPortrait UIInterfaceOrientationLandscapeLeft UIInterfaceOrientationLandscapeRight";
				INFOPLIST_KEY_UIUserInterfaceStyle = Dark;
				LD_RUNPATH_SEARCH_PATHS = (
					"$(inherited)",
					"@executable_path/Frameworks",
				);
				MARKETING_VERSION = 1.0;
				PRODUCT_BUNDLE_IDENTIFIER = com.amarillocollege.Africa;
				PRODUCT_NAME = "$(TARGET_NAME)";
				SWIFT_EMIT_LOC_STRINGS = YES;
				SWIFT_VERSION = 5.0;
				TARGETED_DEVICE_FAMILY = "1,2";
			};
			name = Debug;
		};
		45E00E132A0014DC00FD169E /* Release */ = {
			isa = XCBuildConfiguration;
			buildSettings = {
				ASSETCATALOG_COMPILER_APPICON_NAME = AppIcon;
				ASSETCATALOG_COMPILER_GLOBAL_ACCENT_COLOR_NAME = AccentColor;
				CODE_SIGN_STYLE = Automatic;
				CURRENT_PROJECT_VERSION = 1;
				DEVELOPMENT_ASSET_PATHS = "\"Africa/Preview Content\"";
				DEVELOPMENT_TEAM = 3UG676J384;
				ENABLE_PREVIEWS = YES;
				GENERATE_INFOPLIST_FILE = YES;
				INFOPLIST_FILE = Africa/Info.plist;
				INFOPLIST_KEY_UIApplicationSceneManifest_Generation = YES;
				INFOPLIST_KEY_UIApplicationSupportsIndirectInputEvents = YES;
				INFOPLIST_KEY_UISupportedInterfaceOrientations_iPad = "UIInterfaceOrientationPortrait UIInterfaceOrientationPortraitUpsideDown UIInterfaceOrientationLandscapeLeft UIInterfaceOrientationLandscapeRight";
				INFOPLIST_KEY_UISupportedInterfaceOrientations_iPhone = "UIInterfaceOrientationPortrait UIInterfaceOrientationLandscapeLeft UIInterfaceOrientationLandscapeRight";
				INFOPLIST_KEY_UIUserInterfaceStyle = Dark;
				LD_RUNPATH_SEARCH_PATHS = (
					"$(inherited)",
					"@executable_path/Frameworks",
				);
				MARKETING_VERSION = 1.0;
				PRODUCT_BUNDLE_IDENTIFIER = com.amarillocollege.Africa;
				PRODUCT_NAME = "$(TARGET_NAME)";
				SWIFT_EMIT_LOC_STRINGS = YES;
				SWIFT_VERSION = 5.0;
				TARGETED_DEVICE_FAMILY = "1,2";
			};
			name = Release;
		};
/* End XCBuildConfiguration section */

/* Begin XCConfigurationList section */
		45E00DFE2A0014DA00FD169E /* Build configuration list for PBXProject "Africa" */ = {
			isa = XCConfigurationList;
			buildConfigurations = (
				45E00E0F2A0014DC00FD169E /* Debug */,
				45E00E102A0014DC00FD169E /* Release */,
			);
			defaultConfigurationIsVisible = 0;
			defaultConfigurationName = Release;
		};
		45E00E112A0014DC00FD169E /* Build configuration list for PBXNativeTarget "Africa" */ = {
			isa = XCConfigurationList;
			buildConfigurations = (
				45E00E122A0014DC00FD169E /* Debug */,
				45E00E132A0014DC00FD169E /* Release */,
			);
			defaultConfigurationIsVisible = 0;
			defaultConfigurationName = Release;
		};
/* End XCConfigurationList section */
	};
	rootObject = 45E00DFB2A0014DA00FD169E /* Project object */;
}
